
Microsoft Visual Studio Solution File, Format Version 12.00
# Visual Studio Version 16
VisualStudioVersion = 16.0.33529.622
MinimumVisualStudioVersion = 10.0.40219.1
Project("{FAE04EC0-301F-11D3-BF4B-00C04F79EFBC}") = "Ejercicio06", "Ejercicio06.csproj", "{C9C2B760-9729-46B7-828B-4268E3CAD1BF}"
EndProject
Global
	GlobalSection(SolutionConfigurationPlatforms) = preSolution
		Debug|Any CPU = Debug|Any CPU
		Release|Any CPU = Release|Any CPU
	EndGlobalSection
	GlobalSection(ProjectConfigurationPlatforms) = postSolution
		{C9C2B760-9729-46B7-828B-4268E3CAD1BF}.Debug|Any CPU.ActiveCfg = Debug|Any CPU
		{C9C2B760-9729-46B7-828B-4268E3CAD1BF}.Debug|Any CPU.Build.0 = Debug|Any CPU
		{C9C2B760-9729-46B7-828B-4268E3CAD1BF}.Release|Any CPU.ActiveCfg = Release|Any CPU
		{C9C2B760-9729-46B7-828B-4268E3CAD1BF}.Release|Any CPU.Build.0 = Release|Any CPU
	EndGlobalSection
	GlobalSection(SolutionProperties) = preSolution
		HideSolutionNode = FALSE
	EndGlobalSection
	GlobalSection(ExtensibilityGlobals) = postSolution
		SolutionGuid = {D1510E7B-7847-45A0-A30E-6C6492705D72}
	EndGlobalSection
EndGlobal
